<Solution>
  <Project Path="Integrador Taller II/Integrador Taller II.csproj" Id="bf8e69a4-5499-4e0b-a5f2-04301d6d096c" />
  <Project Path="Practico1/Practico1.csproj" Id="dba50bcc-76e5-47c9-8391-c197b4ad237a" />
  <Project Path="Practico2/Practico2.csproj" Id="27c7dcbc-d6af-49df-82e6-33a6e0291294" />
</Solution>
